// !$*UTF8*$!
{
	archiveVersion = 1;
	classes = {
	};
	objectVersion = 48;
	objects = {

/* Begin PBXBuildFile section */
		01CEF39C1FF3C43500440E11 /* AppDelegate.swift in Sources */ = {isa = PBXBuildFile; fileRef = 01CEF39B1FF3C43500440E11 /* AppDelegate.swift */; };
		01CEF39E1FF3C43500440E11 /* ViewController.swift in Sources */ = {isa = PBXBuildFile; fileRef = 01CEF39D1FF3C43500440E11 /* ViewController.swift */; };
		01CEF3A11FF3C43500440E11 /* Main.storyboard in Resources */ = {isa = PBXBuildFile; fileRef = 01CEF39F1FF3C43500440E11 /* Main.storyboard */; };
		01CEF3A31FF3C43500440E11 /* Assets.xcassets in Resources */ = {isa = PBXBuildFile; fileRef = 01CEF3A21FF3C43500440E11 /* Assets.xcassets */; };
		01CEF3A61FF3C43500440E11 /* LaunchScreen.storyboard in Resources */ = {isa = PBXBuildFile; fileRef = 01CEF3A41FF3C43500440E11 /* LaunchScreen.storyboard */; };
		01CEF3B11FF3C43500440E11 /* ExampleTests.swift in Sources */ = {isa = PBXBuildFile; fileRef = 01CEF3B01FF3C43500440E11 /* ExampleTests.swift */; };
		01CEF3BC1FF3C43500440E11 /* ExampleUITests.swift in Sources */ = {isa = PBXBuildFile; fileRef = 01CEF3BB1FF3C43500440E11 /* ExampleUITests.swift */; };
/* End PBXBuildFile section */

/* Begin PBXContainerItemProxy section */
		01CEF3AD1FF3C43500440E11 /* PBXContainerItemProxy */ = {
			isa = PBXContainerItemProxy;
			containerPortal = 01CEF3901FF3C43500440E11 /* Project object */;
			proxyType = 1;
			remoteGlobalIDString = 01CEF3971FF3C43500440E11;
			remoteInfo = Example;
		};
		01CEF3B81FF3C43500440E11 /* PBXContainerItemProxy */ = {
			isa = PBXContainerItemProxy;
			containerPortal = 01CEF3901FF3C43500440E11 /* Project object */;
			proxyType = 1;
			remoteGlobalIDString = 01CEF3971FF3C43500440E11;
			remoteInfo = Example;
		};
/* End PBXContainerItemProxy section */

/* Begin PBXFileReference section */
		01CEF3981FF3C43500440E11 /* Example.app */ = {isa = PBXFileReference; explicitFileType = wrapper.application; includeInIndex = 0; path = Example.app; sourceTree = BUILT_PRODUCTS_DIR; };
		01CEF39B1FF3C43500440E11 /* AppDelegate.swift */ = {isa = PBXFileReference; lastKnownFileType = sourcecode.swift; path = AppDelegate.swift; sourceTree = "<group>"; };
		01CEF39D1FF3C43500440E11 /* ViewController.swift */ = {isa = PBXFileReference; lastKnownFileType = sourcecode.swift; path = ViewController.swift; sourceTree = "<group>"; };
		01CEF3A01FF3C43500440E11 /* Base */ = {isa = PBXFileReference; lastKnownFileType = file.storyboard; name = Base; path = Base.lproj/Main.storyboard; sourceTree = "<group>"; };
		01CEF3A21FF3C43500440E11 /* Assets.xcassets */ = {isa = PBXFileReference; lastKnownFileType = folder.assetcatalog; path = Assets.xcassets; sourceTree = "<group>"; };
		01CEF3A51FF3C43500440E11 /* Base */ = {isa = PBXFileReference; lastKnownFileType = file.storyboard; name = Base; path = Base.lproj/LaunchScreen.storyboard; sourceTree = "<group>"; };
		01CEF3A71FF3C43500440E11 /* Info.plist */ = {isa = PBXFileReference; lastKnownFileType = text.plist.xml; path = Info.plist; sourceTree = "<group>"; };
		01CEF3AC1FF3C43500440E11 /* ExampleTests.xctest */ = {isa = PBXFileReference; explicitFileType = wrapper.cfbundle; includeInIndex = 0; path = ExampleTests.xctest; sourceTree = BUILT_PRODUCTS_DIR; };
		01CEF3B01FF3C43500440E11 /* ExampleTests.swift */ = {isa = PBXFileReference; lastKnownFileType = sourcecode.swift; path = ExampleTests.swift; sourceTree = "<group>"; };
		01CEF3B21FF3C43500440E11 /* Info.plist */ = {isa = PBXFileReference; lastKnownFileType = text.plist.xml; path = Info.plist; sourceTree = "<group>"; };
		01CEF3B71FF3C43500440E11 /* ExampleUITests.xctest */ = {isa = PBXFileReference; explicitFileType = wrapper.cfbundle; includeInIndex = 0; path = ExampleUITests.xctest; sourceTree = BUILT_PRODUCTS_DIR; };
		01CEF3BB1FF3C43500440E11 /* ExampleUITests.swift */ = {isa = PBXFileReference; lastKnownFileType = sourcecode.swift; path = ExampleUITests.swift; sourceTree = "<group>"; };
		01CEF3BD1FF3C43500440E11 /* Info.plist */ = {isa = PBXFileReference; lastKnownFileType = text.plist.xml; path = Info.plist; sourceTree = "<group>"; };
/* End PBXFileReference section */

/* Begin PBXFrameworksBuildPhase section */
		01CEF3951FF3C43500440E11 /* Frameworks */ = {
			isa = PBXFrameworksBuildPhase;
			buildActionMask = 2147483647;
			files = (
			);
			runOnlyForDeploymentPostprocessing = 0;
		};
		01CEF3A91FF3C43500440E11 /* Frameworks */ = {
			isa = PBXFrameworksBuildPhase;
			buildActionMask = 2147483647;
			files = (
			);
			runOnlyForDeploymentPostprocessing = 0;
		};
		01CEF3B41FF3C43500440E11 /* Frameworks */ = {
			isa = PBXFrameworksBuildPhase;
			buildActionMask = 2147483647;
			files = (
			);
			runOnlyForDeploymentPostprocessing = 0;
		};
/* End PBXFrameworksBuildPhase section */

/* Begin PBXGroup section */
		01CEF38F1FF3C43500440E11 = {
			isa = PBXGroup;
			children = (
				01CEF39A1FF3C43500440E11 /* Example */,
				01CEF3AF1FF3C43500440E11 /* ExampleTests */,
				01CEF3BA1FF3C43500440E11 /* ExampleUITests */,
				01CEF3991FF3C43500440E11 /* Products */,
			);
			sourceTree = "<group>";
		};
		01CEF3991FF3C43500440E11 /* Products */ = {
			isa = PBXGroup;
			children = (
				01CEF3981FF3C43500440E11 /* Example.app */,
				01CEF3AC1FF3C43500440E11 /* ExampleTests.xctest */,
				01CEF3B71FF3C43500440E11 /* ExampleUITests.xctest */,
			);
			name = Products;
			sourceTree = "<group>";
		};
		01CEF39A1FF3C43500440E11 /* Example */ = {
			isa = PBXGroup;
			children = (
				01CEF39B1FF3C43500440E11 /* AppDelegate.swift */,
				01CEF39D1FF3C43500440E11 /* ViewController.swift */,
				01CEF39F1FF3C43500440E11 /* Main.storyboard */,
				01CEF3A21FF3C43500440E11 /* Assets.xcassets */,
				01CEF3A41FF3C43500440E11 /* LaunchScreen.storyboard */,
				01CEF3A71FF3C43500440E11 /* Info.plist */,
			);
			path = Example;
			sourceTree = "<group>";
		};
		01CEF3AF1FF3C43500440E11 /* ExampleTests */ = {
			isa = PBXGroup;
			children = (
				01CEF3B01FF3C43500440E11 /* ExampleTests.swift */,
				01CEF3B21FF3C43500440E11 /* Info.plist */,
			);
			path = ExampleTests;
			sourceTree = "<group>";
		};
		01CEF3BA1FF3C43500440E11 /* ExampleUITests */ = {
			isa = PBXGroup;
			children = (
				01CEF3BB1FF3C43500440E11 /* ExampleUITests.swift */,
				01CEF3BD1FF3C43500440E11 /* Info.plist */,
			);
			path = ExampleUITests;
			sourceTree = "<group>";
		};
/* End PBXGroup section */

/* Begin PBXNativeTarget section */
		01CEF3971FF3C43500440E11 /* Example */ = {
			isa = PBXNativeTarget;
			buildConfigurationList = 01CEF3C01FF3C43500440E11 /* Build configuration list for PBXNativeTarget "Example" */;
			buildPhases = (
				01CEF3941FF3C43500440E11 /* Sources */,
				01CEF3951FF3C43500440E11 /* Frameworks */,
				01CEF3961FF3C43500440E11 /* Resources */,
			);
			buildRules = (
			);
			dependencies = (
			);
			name = Example;
			productName = Example;
			productReference = 01CEF3981FF3C43500440E11 /* Example.app */;
			productType = "com.apple.product-type.application";
		};
		01CEF3AB1FF3C43500440E11 /* ExampleTests */ = {
			isa = PBXNativeTarget;
			buildConfigurationList = 01CEF3C31FF3C43500440E11 /* Build configuration list for PBXNativeTarget "ExampleTests" */;
			buildPhases = (
				01CEF3A81FF3C43500440E11 /* Sources */,
				01CEF3A91FF3C43500440E11 /* Frameworks */,
				01CEF3AA1FF3C43500440E11 /* Resources */,
			);
			buildRules = (
			);
			dependencies = (
				01CEF3AE1FF3C43500440E11 /* PBXTargetDependency */,
			);
			name = ExampleTests;
			productName = ExampleTests;
			productReference = 01CEF3AC1FF3C43500440E11 /* ExampleTests.xctest */;
			productType = "com.apple.product-type.bundle.unit-test";
		};
		01CEF3B61FF3C43500440E11 /* ExampleUITests */ = {
			isa = PBXNativeTarget;
			buildConfigurationList = 01CEF3C61FF3C43500440E11 /* Build configuration list for PBXNativeTarget "ExampleUITests" */;
			buildPhases = (
				01CEF3B31FF3C43500440E11 /* Sources */,
				01CEF3B41FF3C43500440E11 /* Frameworks */,
				01CEF3B51FF3C43500440E11 /* Resources */,
			);
			buildRules = (
			);
			dependencies = (
				01CEF3B91FF3C43500440E11 /* PBXTargetDependency */,
			);
			name = ExampleUITests;
			productName = ExampleUITests;
			productReference = 01CEF3B71FF3C43500440E11 /* ExampleUITests.xctest */;
			productType = "com.apple.product-type.bundle.ui-testing";
		};
/* End PBXNativeTarget section */

/* Begin PBXProject section */
		01CEF3901FF3C43500440E11 /* Project object */ = {
			isa = PBXProject;
			attributes = {
				LastSwiftUpdateCheck = 0910;
				LastUpgradeCheck = 0910;
				ORGANIZATIONNAME = zcw;
				TargetAttributes = {
					01CEF3971FF3C43500440E11 = {
						CreatedOnToolsVersion = 9.1;
						ProvisioningStyle = Automatic;
					};
					01CEF3AB1FF3C43500440E11 = {
						CreatedOnToolsVersion = 9.1;
						ProvisioningStyle = Automatic;
						TestTargetID = 01CEF3971FF3C43500440E11;
					};
					01CEF3B61FF3C43500440E11 = {
						CreatedOnToolsVersion = 9.1;
						ProvisioningStyle = Automatic;
						TestTargetID = 01CEF3971FF3C43500440E11;
					};
				};
			};
			buildConfigurationList = 01CEF3931FF3C43500440E11 /* Build configuration list for PBXProject "Example" */;
			compatibilityVersion = "Xcode 8.0";
			developmentRegion = en;
			hasScannedForEncodings = 0;
			knownRegions = (
				en,
				Base,
			);
			mainGroup = 01CEF38F1FF3C43500440E11;
			productRefGroup = 01CEF3991FF3C43500440E11 /* Products */;
			projectDirPath = "";
			projectRoot = "";
			targets = (
				01CEF3971FF3C43500440E11 /* Example */,
				01CEF3AB1FF3C43500440E11 /* ExampleTests */,
				01CEF3B61FF3C43500440E11 /* ExampleUITests */,
			);
		};
/* End PBXProject section */

/* Begin PBXResourcesBuildPhase section */
		01CEF3961FF3C43500440E11 /* Resources */ = {
			isa = PBXResourcesBuildPhase;
			buildActionMask = 2147483647;
			files = (
				01CEF3A61FF3C43500440E11 /* LaunchScreen.storyboard in Resources */,
				01CEF3A31FF3C43500440E11 /* Assets.xcassets in Resources */,
				01CEF3A11FF3C43500440E11 /* Main.storyboard in Resources */,
			);
			runOnlyForDeploymentPostprocessing = 0;
		};
		01CEF3AA1FF3C43500440E11 /* Resources */ = {
			isa = PBXResourcesBuildPhase;
			buildActionMask = 2147483647;
			files = (
			);
			runOnlyForDeploymentPostprocessing = 0;
		};
		01CEF3B51FF3C43500440E11 /* Resources */ = {
			isa = PBXResourcesBuildPhase;
			buildActionMask = 2147483647;
			files = (
			);
			runOnlyForDeploymentPostprocessing = 0;
		};
/* End PBXResourcesBuildPhase section */

/* Begin PBXSourcesBuildPhase section */
		01CEF3941FF3C43500440E11 /* Sources */ = {
			isa = PBXSourcesBuildPhase;
			buildActionMask = 2147483647;
			files = (
				01CEF39E1FF3C43500440E11 /* ViewController.swift in Sources */,
				01CEF39C1FF3C43500440E11 /* AppDelegate.swift in Sources */,
			);
			runOnlyForDeploymentPostprocessing = 0;
		};
		01CEF3A81FF3C43500440E11 /* Sources */ = {
			isa = PBXSourcesBuildPhase;
			buildActionMask = 2147483647;
			files = (
				01CEF3B11FF3C43500440E11 /* ExampleTests.swift in Sources */,
			);
			runOnlyForDeploymentPostprocessing = 0;
		};
		01CEF3B31FF3C43500440E11 /* Sources */ = {
			isa = PBXSourcesBuildPhase;
			buildActionMask = 2147483647;
			files = (
				01CEF3BC1FF3C43500440E11 /* ExampleUITests.swift in Sources */,
			);
			runOnlyForDeploymentPostprocessing = 0;
		};
/* End PBXSourcesBuildPhase section */

/* Begin PBXTargetDependency section */
		01CEF3AE1FF3C43500440E11 /* PBXTargetDependency */ = {
			isa = PBXTargetDependency;
			target = 01CEF3971FF3C43500440E11 /* Example */;
			targetProxy = 01CEF3AD1FF3C43500440E11 /* PBXContainerItemProxy */;
		};
		01CEF3B91FF3C43500440E11 /* PBXTargetDependency */ = {
			isa = PBXTargetDependency;
			target = 01CEF3971FF3C43500440E11 /* Example */;
			targetProxy = 01CEF3B81FF3C43500440E11 /* PBXContainerItemProxy */;
		};
/* End PBXTargetDependency section */

/* Begin PBXVariantGroup section */
		01CEF39F1FF3C43500440E11 /* Main.storyboard */ = {
			isa = PBXVariantGroup;
			children = (
				01CEF3A01FF3C43500440E11 /* Base */,
			);
			name = Main.storyboard;
			sourceTree = "<group>";
		};
		01CEF3A41FF3C43500440E11 /* LaunchScreen.storyboard */ = {
			isa = PBXVariantGroup;
			children = (
				01CEF3A51FF3C43500440E11 /* Base */,
			);
			name = LaunchScreen.storyboard;
			sourceTree = "<group>";
		};
/* End PBXVariantGroup section */

/* Begin XCBuildConfiguration section */
		01CEF3BE1FF3C43500440E11 /* Debug */ = {
			isa = XCBuildConfiguration;
			buildSettings = {
				ALWAYS_SEARCH_USER_PATHS = NO;
				CLANG_ANALYZER_NONNULL = YES;
				CLANG_ANALYZER_NUMBER_OBJECT_CONVERSION = YES_AGGRESSIVE;
				CLANG_CXX_LANGUAGE_STANDARD = "gnu++14";
				CLANG_CXX_LIBRARY = "libc++";
				CLANG_ENABLE_MODULES = YES;
				CLANG_ENABLE_OBJC_ARC = YES;
				CLANG_WARN_BLOCK_CAPTURE_AUTORELEASING = YES;
				CLANG_WARN_BOOL_CONVERSION = YES;
				CLANG_WARN_COMMA = YES;
				CLANG_WARN_CONSTANT_CONVERSION = YES;
				CLANG_WARN_DIRECT_OBJC_ISA_USAGE = YES_ERROR;
				CLANG_WARN_DOCUMENTATION_COMMENTS = YES;
				CLANG_WARN_EMPTY_BODY = YES;
				CLANG_WARN_ENUM_CONVERSION = YES;
				CLANG_WARN_INFINITE_RECURSION = YES;
				CLANG_WARN_INT_CONVERSION = YES;
				CLANG_WARN_NON_LITERAL_NULL_CONVERSION = YES;
				CLANG_WARN_OBJC_LITERAL_CONVERSION = YES;
				CLANG_WARN_OBJC_ROOT_CLASS = YES_ERROR;
				CLANG_WARN_RANGE_LOOP_ANALYSIS = YES;
				CLANG_WARN_STRICT_PROTOTYPES = YES;
				CLANG_WARN_SUSPICIOUS_MOVE = YES;
				CLANG_WARN_UNGUARDED_AVAILABILITY = YES_AGGRESSIVE;
				CLANG_WARN_UNREACHABLE_CODE = YES;
				CLANG_WARN__DUPLICATE_METHOD_MATCH = YES;
				CODE_SIGN_IDENTITY = "iPhone Developer";
				COPY_PHASE_STRIP = NO;
				DEBUG_INFORMATION_FORMAT = dwarf;
				ENABLE_STRICT_OBJC_MSGSEND = YES;
				ENABLE_TESTABILITY = YES;
				GCC_C_LANGUAGE_STANDARD = gnu11;
				GCC_DYNAMIC_NO_PIC = NO;
				GCC_NO_COMMON_BLOCKS = YES;
				GCC_OPTIMIZATION_LEVEL = 0;
				GCC_PREPROCESSOR_DEFINITIONS = (
					"DEBUG=1",
					"$(inherited)",
				);
				GCC_WARN_64_TO_32_BIT_CONVERSION = YES;
				GCC_WARN_ABOUT_RETURN_TYPE = YES_ERROR;
				GCC_WARN_UNDECLARED_SELECTOR = YES;
				GCC_WARN_UNINITIALIZED_AUTOS = YES_AGGRESSIVE;
				GCC_WARN_UNUSED_FUNCTION = YES;
				GCC_WARN_UNUSED_VARIABLE = YES;
				IPHONEOS_DEPLOYMENT_TARGET = 11.1;
				MTL_ENABLE_DEBUG_INFO = YES;
				ONLY_ACTIVE_ARCH = YES;
				SDKROOT = iphoneos;
				SWIFT_ACTIVE_COMPILATION_CONDITIONS = DEBUG;
				SWIFT_OPTIMIZATION_LEVEL = "-Onone";
			};
			name = Debug;
		};
		01CEF3BF1FF3C43500440E11 /* Release */ = {
			isa = XCBuildConfiguration;
			buildSettings = {
				ALWAYS_SEARCH_USER_PATHS = NO;
				CLANG_ANALYZER_NONNULL = YES;
				CLANG_ANALYZER_NUMBER_OBJECT_CONVERSION = YES_AGGRESSIVE;
				CLANG_CXX_LANGUAGE_STANDARD = "gnu++14";
				CLANG_CXX_LIBRARY = "libc++";
				CLANG_ENABLE_MODULES = YES;
				CLANG_ENABLE_OBJC_ARC = YES;
				CLANG_WARN_BLOCK_CAPTURE_AUTORELEASING = YES;
				CLANG_WARN_BOOL_CONVERSION = YES;
				CLANG_WARN_COMMA = YES;
				CLANG_WARN_CONSTANT_CONVERSION = YES;
				CLANG_WARN_DIRECT_OBJC_ISA_USAGE = YES_ERROR;
				CLANG_WARN_DOCUMENTATION_COMMENTS = YES;
				CLANG_WARN_EMPTY_BODY = YES;
				CLANG_WARN_ENUM_CONVERSION = YES;
				CLANG_WARN_INFINITE_RECURSION = YES;
				CLANG_WARN_INT_CONVERSION = YES;
				CLANG_WARN_NON_LITERAL_NULL_CONVERSION = YES;
				CLANG_WARN_OBJC_LITERAL_CONVERSION = YES;
				CLANG_WARN_OBJC_ROOT_CLASS = YES_ERROR;
				CLANG_WARN_RANGE_LOOP_ANALYSIS = YES;
				CLANG_WARN_STRICT_PROTOTYPES = YES;
				CLANG_WARN_SUSPICIOUS_MOVE = YES;
				CLANG_WARN_UNGUARDED_AVAILABILITY = YES_AGGRESSIVE;
				CLANG_WARN_UNREACHABLE_CODE = YES;
				CLANG_WARN__DUPLICATE_METHOD_MATCH = YES;
				CODE_SIGN_IDENTITY = "iPhone Developer";
				COPY_PHASE_STRIP = NO;
				DEBUG_INFORMATION_FORMAT = "dwarf-with-dsym";
				ENABLE_NS_ASSERTIONS = NO;
				ENABLE_STRICT_OBJC_MSGSEND = YES;
				GCC_C_LANGUAGE_STANDARD = gnu11;
				GCC_NO_COMMON_BLOCKS = YES;
				GCC_WARN_64_TO_32_BIT_CONVERSION = YES;
				GCC_WARN_ABOUT_RETURN_TYPE = YES_ERROR;
				GCC_WARN_UNDECLARED_SELECTOR = YES;
				GCC_WARN_UNINITIALIZED_AUTOS = YES_AGGRESSIVE;
				GCC_WARN_UNUSED_FUNCTION = YES;
				GCC_WARN_UNUSED_VARIABLE = YES;
				IPHONEOS_DEPLOYMENT_TARGET = 11.1;
				MTL_ENABLE_DEBUG_INFO = NO;
				SDKROOT = iphoneos;
				SWIFT_OPTIMIZATION_LEVEL = "-Owholemodule";
				VALIDATE_PRODUCT = YES;
			};
			name = Release;
		};
		01CEF3C11FF3C43500440E11 /* Debug */ = {
			isa = XCBuildConfiguration;
			buildSettings = {
				ASSETCATALOG_COMPILER_APPICON_NAME = AppIcon;
				CODE_SIGN_STYLE = Automatic;
				DEVELOPMENT_TEAM = JVE357X357;
				INFOPLIST_FILE = Example/Info.plist;
				LD_RUNPATH_SEARCH_PATHS = "$(inherited) @executable_path/Frameworks";
				PRODUCT_BUNDLE_IDENTIFIER = zcwfeng.Example;
				PRODUCT_NAME = "$(TARGET_NAME)";
				SWIFT_VERSION = 4.0;
				TARGETED_DEVICE_FAMILY = "1,2";
			};
			name = Debug;
		};
		01CEF3C21FF3C43500440E11 /* Release */ = {
			isa = XCBuildConfiguration;
			buildSettings = {
				ASSETCATALOG_COMPILER_APPICON_NAME = AppIcon;
				CODE_SIGN_STYLE = Automatic;
				DEVELOPMENT_TEAM = JVE357X357;
				INFOPLIST_FILE = Example/Info.plist;
				LD_RUNPATH_SEARCH_PATHS = "$(inherited) @executable_path/Frameworks";
				PRODUCT_BUNDLE_IDENTIFIER = zcwfeng.Example;
				PRODUCT_NAME = "$(TARGET_NAME)";
				SWIFT_VERSION = 4.0;
				TARGETED_DEVICE_FAMILY = "1,2";
			};
			name = Release;
		};
		01CEF3C41FF3C43500440E11 /* Debug */ = {
			isa = XCBuildConfiguration;
			buildSettings = {
				ALWAYS_EMBED_SWIFT_STANDARD_LIBRARIES = YES;
				BUNDLE_LOADER = "$(TEST_HOST)";
				CODE_SIGN_STYLE = Automatic;
				DEVELOPMENT_TEAM = JVE357X357;
				INFOPLIST_FILE = ExampleTests/Info.plist;
				LD_RUNPATH_SEARCH_PATHS = "$(inherited) @executable_path/Frameworks @loader_path/Frameworks";
				PRODUCT_BUNDLE_IDENTIFIER = zcwfeng.ExampleTests;
				PRODUCT_NAME = "$(TARGET_NAME)";
				SWIFT_VERSION = 4.0;
				TARGETED_DEVICE_FAMILY = "1,2";
				TEST_HOST = "$(BUILT_PRODUCTS_DIR)/Example.app/Example";
			};
			name = Debug;
		};
		01CEF3C51FF3C43500440E11 /* Release */ = {
			isa = XCBuildConfiguration;
			buildSettings = {
				ALWAYS_EMBED_SWIFT_STANDARD_LIBRARIES = YES;
				BUNDLE_LOADER = "$(TEST_HOST)";
				CODE_SIGN_STYLE = Automatic;
				DEVELOPMENT_TEAM = JVE357X357;
				INFOPLIST_FILE = ExampleTests/Info.plist;
				LD_RUNPATH_SEARCH_PATHS = "$(inherited) @executable_path/Frameworks @loader_path/Frameworks";
				PRODUCT_BUNDLE_IDENTIFIER = zcwfeng.ExampleTests;
				PRODUCT_NAME = "$(TARGET_NAME)";
				SWIFT_VERSION = 4.0;
				TARGETED_DEVICE_FAMILY = "1,2";
				TEST_HOST = "$(BUILT_PRODUCTS_DIR)/Example.app/Example";
			};
			name = Release;
		};
		01CEF3C71FF3C43500440E11 /* Debug */ = {
			isa = XCBuildConfiguration;
			buildSettings = {
				ALWAYS_EMBED_SWIFT_STANDARD_LIBRARIES = YES;
				CODE_SIGN_STYLE = Automatic;
				DEVELOPMENT_TEAM = JVE357X357;
				INFOPLIST_FILE = ExampleUITests/Info.plist;
				LD_RUNPATH_SEARCH_PATHS = "$(inherited) @executable_path/Frameworks @loader_path/Frameworks";
				PRODUCT_BUNDLE_IDENTIFIER = zcwfeng.ExampleUITests;
				PRODUCT_NAME = "$(TARGET_NAME)";
				SWIFT_VERSION = 4.0;
				TARGETED_DEVICE_FAMILY = "1,2";
				TEST_TARGET_NAME = Example;
			};
			name = Debug;
		};
		01CEF3C81FF3C43500440E11 /* Release */ = {
			isa = XCBuildConfiguration;
			buildSettings = {
				ALWAYS_EMBED_SWIFT_STANDARD_LIBRARIES = YES;
				CODE_SIGN_STYLE = Automatic;
				DEVELOPMENT_TEAM = JVE357X357;
				INFOPLIST_FILE = ExampleUITests/Info.plist;
				LD_RUNPATH_SEARCH_PATHS = "$(inherited) @executable_path/Frameworks @loader_path/Frameworks";
				PRODUCT_BUNDLE_IDENTIFIER = zcwfeng.ExampleUITests;
				PRODUCT_NAME = "$(TARGET_NAME)";
				SWIFT_VERSION = 4.0;
				TARGETED_DEVICE_FAMILY = "1,2";
				TEST_TARGET_NAME = Example;
			};
			name = Release;
		};
/* End XCBuildConfiguration section */

/* Begin XCConfigurationList section */
		01CEF3931FF3C43500440E11 /* Build configuration list for PBXProject "Example" */ = {
			isa = XCConfigurationList;
			buildConfigurations = (
				01CEF3BE1FF3C43500440E11 /* Debug */,
				01CEF3BF1FF3C43500440E11 /* Release */,
			);
			defaultConfigurationIsVisible = 0;
			defaultConfigurationName = Release;
		};
		01CEF3C01FF3C43500440E11 /* Build configuration list for PBXNativeTarget "Example" */ = {
			isa = XCConfigurationList;
			buildConfigurations = (
				01CEF3C11FF3C43500440E11 /* Debug */,
				01CEF3C21FF3C43500440E11 /* Release */,
			);
			defaultConfigurationIsVisible = 0;
			defaultConfigurationName = Release;
		};
		01CEF3C31FF3C43500440E11 /* Build configuration list for PBXNativeTarget "ExampleTests" */ = {
			isa = XCConfigurationList;
			buildConfigurations = (
				01CEF3C41FF3C43500440E11 /* Debug */,
				01CEF3C51FF3C43500440E11 /* Release */,
			);
			defaultConfigurationIsVisible = 0;
			defaultConfigurationName = Release;
		};
		01CEF3C61FF3C43500440E11 /* Build configuration list for PBXNativeTarget "ExampleUITests" */ = {
			isa = XCConfigurationList;
			buildConfigurations = (
				01CEF3C71FF3C43500440E11 /* Debug */,
				01CEF3C81FF3C43500440E11 /* Release */,
			);
			defaultConfigurationIsVisible = 0;
			defaultConfigurationName = Release;
		};
/* End XCConfigurationList section */
	};
	rootObject = 01CEF3901FF3C43500440E11 /* Project object */;
}
